{
  "requires": true,
  "lockfileVersion": 1,
  "dependencies": {
    "@syncfusion/ej2-base": {
      "version": "18.1.44",
      "resolved": "https://registry.npmjs.org/@syncfusion/ej2-base/-/ej2-base-18.1.44.tgz",
      "integrity": "sha512-Z1Y9fCs1Fa3ZkP31/C1L97mzMm/Al7W5eGZdUuu60A0volrB1ZGdlPzM/oLP6kdFrICr+OSnL84vDHF5pI0hVg==",
      "requires": {
        "@syncfusion/ej2-icons": "~18.1.42"
      }
    },
    "@syncfusion/ej2-buttons": {
      "version": "18.1.43",
      "resolved": "https://registry.npmjs.org/@syncfusion/ej2-buttons/-/ej2-buttons-18.1.43.tgz",
      "integrity": "sha512-QihDJN91mrgROp1OyH7Wa1J3UBAXkoC17KQLmQOxjMhNmoVwgNeNpd0q8lkshrZHLaMd5gXdvJ22rXvGL7CACg==",
      "requires": {
        "@syncfusion/ej2-base": "~18.1.42"
      }
    },
    "@syncfusion/ej2-data": {
      "version": "18.1.43",
      "resolved": "https://registry.npmjs.org/@syncfusion/ej2-data/-/ej2-data-18.1.43.tgz",
      "integrity": "sha512-szSyI1VDJ0m6J7IPL/rLdCJG4tfrRY1ObcvoQtfsTvklreLjOwXhZzyZYStTrO+I4J0tmBeSs81cruA9Ccm4Jw==",
      "requires": {
        "@syncfusion/ej2-base": "~18.1.42"
      }
    },
    "@syncfusion/ej2-dropdowns": {
      "version": "18.1.44",
      "resolved": "https://registry.npmjs.org/@syncfusion/ej2-dropdowns/-/ej2-dropdowns-18.1.44.tgz",
      "integrity": "sha512-KJ1JsdcLz3OgcTjjxcrnT3an9B9dhgWSZHtrltRzXxPqBs/5osCdKIzhk8P+lND69kTrH0z8o49Tpg5ktk3NJA==",
      "requires": {
        "@syncfusion/ej2-base": "~18.1.44",
        "@syncfusion/ej2-data": "~18.1.43",
        "@syncfusion/ej2-inputs": "~18.1.44",
        "@syncfusion/ej2-lists": "~18.1.44",
        "@syncfusion/ej2-navigations": "~18.1.43",
        "@syncfusion/ej2-popups": "~18.1.44"
      }
    },
    "@syncfusion/ej2-icons": {
      "version": "18.1.42",
      "resolved": "https://registry.npmjs.org/@syncfusion/ej2-icons/-/ej2-icons-18.1.42.tgz",
      "integrity": "sha512-uBxHW5pUO8VpCr7qt+d3GFXzkX7uqojO6KHPu8t6QBgnwPFY8k4mQo6/pxBi/2xSeEaAr4nH+co9OErrq8qDeA=="
    },
    "@syncfusion/ej2-inputs": {
      "version": "18.1.44",
      "resolved": "https://registry.npmjs.org/@syncfusion/ej2-inputs/-/ej2-inputs-18.1.44.tgz",
      "integrity": "sha512-vvrnIyPpqbRC2ZnY5nosVHLtgTkWGhanNaLiKL72mKc51Yr4LL5XJwm/0Zj5aPXf+S4fr7n9vAklonQk61AOAQ==",
      "requires": {
        "@syncfusion/ej2-base": "~18.1.44",
        "@syncfusion/ej2-buttons": "~18.1.43",
        "@syncfusion/ej2-popups": "~18.1.44",
        "@syncfusion/ej2-splitbuttons": "~18.1.43"
      }
    },
    "@syncfusion/ej2-lists": {
      "version": "18.1.44",
      "resolved": "https://registry.npmjs.org/@syncfusion/ej2-lists/-/ej2-lists-18.1.44.tgz",
      "integrity": "sha512-WfCqvULb+icAeGmen7p7AM1zPEDQpdE2LRoBR8e1MGAOrIZ6qqdrN+TwV9hEeNqBp0BRmFXnDS7r0rbqVY4D/g==",
      "requires": {
        "@syncfusion/ej2-base": "~18.1.44",
        "@syncfusion/ej2-buttons": "~18.1.43",
        "@syncfusion/ej2-data": "~18.1.43"
      }
    },
    "@syncfusion/ej2-navigations": {
      "version": "18.1.43",
      "resolved": "https://registry.npmjs.org/@syncfusion/ej2-navigations/-/ej2-navigations-18.1.43.tgz",
      "integrity": "sha512-J/WhmSP7CZvdtF6CyGnIY1bO3z46aAvaXSUjPFZZCLXq3Lz+RmB1hqkA8dyZvcH2AtMXvDPeO1wGzmyy4kGGEw==",
      "requires": {
        "@syncfusion/ej2-base": "~18.1.42",
        "@syncfusion/ej2-buttons": "~18.1.43",
        "@syncfusion/ej2-data": "~18.1.43",
        "@syncfusion/ej2-inputs": "~18.1.43",
        "@syncfusion/ej2-lists": "~18.1.43",
        "@syncfusion/ej2-popups": "~18.1.43"
      }
    },
    "@syncfusion/ej2-popups": {
      "version": "18.1.44",
      "resolved": "https://registry.npmjs.org/@syncfusion/ej2-popups/-/ej2-popups-18.1.44.tgz",
      "integrity": "sha512-Ttv9jmhdtV0yjQb3R+ZMGqi+eo1oB1SPEeDDYN5iAR8rlEpmn6MMVRUs4SZyiymXRbUo7abU3doX7eYrTSjQWw==",
      "requires": {
        "@syncfusion/ej2-base": "~18.1.44",
        "@syncfusion/ej2-buttons": "~18.1.43"
      }
    },
    "@syncfusion/ej2-splitbuttons": {
      "version": "18.1.43",
      "resolved": "https://registry.npmjs.org/@syncfusion/ej2-splitbuttons/-/ej2-splitbuttons-18.1.43.tgz",
      "integrity": "sha512-eqJM9hr2cddYNvDIFT12ehfhXArA8mHnkNYunHkStHJeGlf2bA78wc0euKaK+F3vWeiY2g7qOuuTEJtmC9ROvQ==",
      "requires": {
        "@syncfusion/ej2-base": "~18.1.42",
        "@syncfusion/ej2-popups": "~18.1.43"
      }
    },
    "@syncfusion/ej2-vue-base": {
      "version": "18.1.42",
      "resolved": "https://registry.npmjs.org/@syncfusion/ej2-vue-base/-/ej2-vue-base-18.1.42.tgz",
      "integrity": "sha512-u1b1p8rYbcG5U1JoMOdTYaI5PruMR2WgC2BMFKo6jhVWXsunLlBSEkbkwV2qcFlUOH3QFd4W/4KxQBX19akS1w==",
      "requires": {
        "@syncfusion/ej2-base": "~18.1.42"
      }
    },
    "@syncfusion/ej2-vue-dropdowns": {
      "version": "18.1.44",
      "resolved": "https://registry.npmjs.org/@syncfusion/ej2-vue-dropdowns/-/ej2-vue-dropdowns-18.1.44.tgz",
      "integrity": "sha512-xeVXvWLLCmEi8w9a1MPa0OOL9kcFk8AW08LW2Ehd0PbQl6Tu6trdqG5xA+u63CGh9ePk8sJLcBQ75YdDqzBBqA==",
      "requires": {
        "@syncfusion/ej2-base": "~18.1.44",
        "@syncfusion/ej2-dropdowns": "18.1.44",
        "@syncfusion/ej2-vue-base": "~18.1.42"
      }
    },
    "lodash.sortby": {
      "version": "4.7.0",
      "resolved": "https://registry.npmjs.org/lodash.sortby/-/lodash.sortby-4.7.0.tgz",
      "integrity": "sha1-7dFMgk4sycHgsKG0K7UhBRakJDg="
    },
    "punycode": {
      "version": "2.1.1",
      "resolved": "https://registry.npmjs.org/punycode/-/punycode-2.1.1.tgz",
      "integrity": "sha512-XRsRjdf+j5ml+y/6GKHPZbrF/8p2Yga0JPtdqTIY2Xe5ohJPD9saDJJLPvp9+NSBprVvevdXZybnj2cv8OEd0A=="
    },
    "tr46": {
      "version": "1.0.1",
      "resolved": "https://registry.npmjs.org/tr46/-/tr46-1.0.1.tgz",
      "integrity": "sha1-qLE/1r/SSJUZZ0zN5VujaTtwbQk=",
      "requires": {
        "punycode": "^2.1.0"
      }
    },
    "unpkg": {
      "version": "0.2.0",
      "resolved": "https://registry.npmjs.org/unpkg/-/unpkg-0.2.0.tgz",
      "integrity": "sha512-Z/VjA9vY9VRzgI4egRRtgRXVtDD8+uNHDYdZvdsyj7wHpimb9oNt5wHlwogBdeAByaVgPc/aChPfmWJ9VfJ64g==",
      "requires": {
        "whatwg-url": "^6.3.0"
      }
    },
    "vue-multiselect": {
      "version": "2.1.6",
      "resolved": "https://registry.npmjs.org/vue-multiselect/-/vue-multiselect-2.1.6.tgz",
      "integrity": "sha512-s7jmZPlm9FeueJg1RwJtnE9KNPtME/7C8uRWSfp9/yEN4M8XcS/d+bddoyVwVnvFyRh9msFo0HWeW0vTL8Qv+w=="
    },
    "webidl-conversions": {
      "version": "4.0.2",
      "resolved": "https://registry.npmjs.org/webidl-conversions/-/webidl-conversions-4.0.2.tgz",
      "integrity": "sha512-YQ+BmxuTgd6UXZW3+ICGfyqRyHXVlD5GtQr5+qjiNW7bF0cqrzX500HVXPBOvgXb5YnzDd+h0zqyv61KUD7+Sg=="
    },
    "whatwg-url": {
      "version": "6.5.0",
      "resolved": "https://registry.npmjs.org/whatwg-url/-/whatwg-url-6.5.0.tgz",
      "integrity": "sha512-rhRZRqx/TLJQWUpQ6bmrt2UV4f0HCQ463yQuONJqC6fO2VoEb1pTYddbe59SkYq87aoM5A3bdhMZiUiVws+fzQ==",
      "requires": {
        "lodash.sortby": "^4.7.0",
        "tr46": "^1.0.1",
        "webidl-conversions": "^4.0.2"
      }
    }
  }
}
